
Microsoft Visual Studio Solution File, Format Version 12.00
# Visual Studio Version 16
VisualStudioVersion = 16.0.31019.35
MinimumVisualStudioVersion = 10.0.40219.1
Project("{FAE04EC0-301F-11D3-BF4B-00C04F79EFBC}") = "DeleteAndPurgeMyApps", "DeleteAndPurgeMyApps.csproj", "{08715152-8E29-4F7D-A5A2-619800A5F96A}"
EndProject
Global
	GlobalSection(SolutionConfigurationPlatforms) = preSolution
		Debug|Any CPU = Debug|Any CPU
		Release|Any CPU = Release|Any CPU
	EndGlobalSection
	GlobalSection(ProjectConfigurationPlatforms) = postSolution
		{08715152-8E29-4F7D-A5A2-619800A5F96A}.Debug|Any CPU.ActiveCfg = Debug|Any CPU
		{08715152-8E29-4F7D-A5A2-619800A5F96A}.Debug|Any CPU.Build.0 = Debug|Any CPU
		{08715152-8E29-4F7D-A5A2-619800A5F96A}.Release|Any CPU.ActiveCfg = Release|Any CPU
		{08715152-8E29-4F7D-A5A2-619800A5F96A}.Release|Any CPU.Build.0 = Release|Any CPU
	EndGlobalSection
	GlobalSection(SolutionProperties) = preSolution
		HideSolutionNode = FALSE
	EndGlobalSection
	GlobalSection(ExtensibilityGlobals) = postSolution
		SolutionGuid = {95CFA58C-E523-4E73-916E-8FE25D8F91D9}
	EndGlobalSection
EndGlobal
